
Microsoft Visual Studio Solution File, Format Version 12.00
# Visual Studio Version 17
VisualStudioVersion = 17.10.35201.131
MinimumVisualStudioVersion = 10.0.40219.1
Project("{9A19103F-16F7-4668-BE54-9A1E7A4F7556}") = "DVLD_Data", "DVLD_Data\DVLD_Data.csproj", "{BF3080A2-F745-4474-88C6-1A9014C0F6A6}"
EndProject
Project("{9A19103F-16F7-4668-BE54-9A1E7A4F7556}") = "DVLD_Business", "DVLD_Business\DVLD_Business.csproj", "{0C788726-C602-4313-B378-4D576143FC4A}"
EndProject
Project("{FAE04EC0-301F-11D3-BF4B-00C04F79EFBC}") = "DVLD_Presentation", "DVLD_Presentation\DVLD_Presentation.csproj", "{90507ADA-5331-472D-873C-7870DC25E9C8}"
EndProject
Global
	GlobalSection(SolutionConfigurationPlatforms) = preSolution
		Debug|Any CPU = Debug|Any CPU
		Release|Any CPU = Release|Any CPU
	EndGlobalSection
	GlobalSection(ProjectConfigurationPlatforms) = postSolution
		{BF3080A2-F745-4474-88C6-1A9014C0F6A6}.Debug|Any CPU.ActiveCfg = Debug|Any CPU
		{BF3080A2-F745-4474-88C6-1A9014C0F6A6}.Debug|Any CPU.Build.0 = Debug|Any CPU
		{BF3080A2-F745-4474-88C6-1A9014C0F6A6}.Release|Any CPU.ActiveCfg = Release|Any CPU
		{BF3080A2-F745-4474-88C6-1A9014C0F6A6}.Release|Any CPU.Build.0 = Release|Any CPU
		{0C788726-C602-4313-B378-4D576143FC4A}.Debug|Any CPU.ActiveCfg = Debug|Any CPU
		{0C788726-C602-4313-B378-4D576143FC4A}.Debug|Any CPU.Build.0 = Debug|Any CPU
		{0C788726-C602-4313-B378-4D576143FC4A}.Release|Any CPU.ActiveCfg = Release|Any CPU
		{0C788726-C602-4313-B378-4D576143FC4A}.Release|Any CPU.Build.0 = Release|Any CPU
		{90507ADA-5331-472D-873C-7870DC25E9C8}.Debug|Any CPU.ActiveCfg = Debug|Any CPU
		{90507ADA-5331-472D-873C-7870DC25E9C8}.Debug|Any CPU.Build.0 = Debug|Any CPU
		{90507ADA-5331-472D-873C-7870DC25E9C8}.Release|Any CPU.ActiveCfg = Release|Any CPU
		{90507ADA-5331-472D-873C-7870DC25E9C8}.Release|Any CPU.Build.0 = Release|Any CPU
	EndGlobalSection
	GlobalSection(SolutionProperties) = preSolution
		HideSolutionNode = FALSE
	EndGlobalSection
	GlobalSection(ExtensibilityGlobals) = postSolution
		SolutionGuid = {68F8276C-BAC9-41B8-A5FF-48EEAF76B7D3}
	EndGlobalSection
EndGlobal
